
Microsoft Visual Studio Solution File, Format Version 12.00
# Visual Studio 15
VisualStudioVersion = 15.0.28307.645
MinimumVisualStudioVersion = 10.0.40219.1
Project("{9A19103F-16F7-4668-BE54-9A1E7A4F7556}") = "DotNetCoreSqlDb", "DotNetCoreSqlDb.csproj", "{F449D2F2-64C8-45BE-AF7C-66FF8171108B}"
EndProject
Global
	GlobalSection(SolutionConfigurationPlatforms) = preSolution
		Debug|Any CPU = Debug|Any CPU
		Release|Any CPU = Release|Any CPU
	EndGlobalSection
	GlobalSection(ProjectConfigurationPlatforms) = postSolution
		{F449D2F2-64C8-45BE-AF7C-66FF8171108B}.Debug|Any CPU.ActiveCfg = Debug|Any CPU
		{F449D2F2-64C8-45BE-AF7C-66FF8171108B}.Debug|Any CPU.Build.0 = Debug|Any CPU
		{F449D2F2-64C8-45BE-AF7C-66FF8171108B}.Release|Any CPU.ActiveCfg = Release|Any CPU
		{F449D2F2-64C8-45BE-AF7C-66FF8171108B}.Release|Any CPU.Build.0 = Release|Any CPU
	EndGlobalSection
	GlobalSection(SolutionProperties) = preSolution
		HideSolutionNode = FALSE
	EndGlobalSection
	GlobalSection(ExtensibilityGlobals) = postSolution
		SolutionGuid = {DCB964F3-DBFE-49AD-AEF8-78D56B982998}
	EndGlobalSection
EndGlobal
